// !$*UTF8*$!
{
	archiveVersion = 1;
	classes = {
	};
	objectVersion = 46;
	objects = {

/* Begin PBXBuildFile section */
		D799BAAB1E32B6E90055C119 /* AppDelegate.swift in Sources */ = {isa = PBXBuildFile; fileRef = D799BAAA1E32B6E90055C119 /* AppDelegate.swift */; };
		D799BAAD1E32B6E90055C119 /* ViewController.swift in Sources */ = {isa = PBXBuildFile; fileRef = D799BAAC1E32B6E90055C119 /* ViewController.swift */; };
		D799BAAF1E32B6E90055C119 /* Assets.xcassets in Resources */ = {isa = PBXBuildFile; fileRef = D799BAAE1E32B6E90055C119 /* Assets.xcassets */; };
		D799BAB21E32B6E90055C119 /* Main.storyboard in Resources */ = {isa = PBXBuildFile; fileRef = D799BAB01E32B6E90055C119 /* Main.storyboard */; };
		D799BABA1E32DA5E0055C119 /* BeaconData.swift in Sources */ = {isa = PBXBuildFile; fileRef = D799BAB91E32DA5E0055C119 /* BeaconData.swift */; };
/* End PBXBuildFile section */

/* Begin PBXFileReference section */
		D799BAA71E32B6E90055C119 /* iBeaconSender.app */ = {isa = PBXFileReference; explicitFileType = wrapper.application; includeInIndex = 0; path = iBeaconSender.app; sourceTree = BUILT_PRODUCTS_DIR; };
		D799BAAA1E32B6E90055C119 /* AppDelegate.swift */ = {isa = PBXFileReference; lastKnownFileType = sourcecode.swift; path = AppDelegate.swift; sourceTree = "<group>"; };
		D799BAAC1E32B6E90055C119 /* ViewController.swift */ = {isa = PBXFileReference; lastKnownFileType = sourcecode.swift; path = ViewController.swift; sourceTree = "<group>"; };
		D799BAAE1E32B6E90055C119 /* Assets.xcassets */ = {isa = PBXFileReference; lastKnownFileType = folder.assetcatalog; path = Assets.xcassets; sourceTree = "<group>"; };
		D799BAB11E32B6E90055C119 /* Base */ = {isa = PBXFileReference; lastKnownFileType = file.storyboard; name = Base; path = Base.lproj/Main.storyboard; sourceTree = "<group>"; };
		D799BAB31E32B6E90055C119 /* Info.plist */ = {isa = PBXFileReference; lastKnownFileType = text.plist.xml; path = Info.plist; sourceTree = "<group>"; };
		D799BAB91E32DA5E0055C119 /* BeaconData.swift */ = {isa = PBXFileReference; fileEncoding = 4; lastKnownFileType = sourcecode.swift; path = BeaconData.swift; sourceTree = "<group>"; };
/* End PBXFileReference section */

/* Begin PBXFrameworksBuildPhase section */
		D799BAA41E32B6E90055C119 /* Frameworks */ = {
			isa = PBXFrameworksBuildPhase;
			buildActionMask = 2147483647;
			files = (
			);
			runOnlyForDeploymentPostprocessing = 0;
		};
/* End PBXFrameworksBuildPhase section */

/* Begin PBXGroup section */
		D799BA9E1E32B6E90055C119 = {
			isa = PBXGroup;
			children = (
				D799BAA91E32B6E90055C119 /* iBeaconSender */,
				D799BAA81E32B6E90055C119 /* Products */,
			);
			sourceTree = "<group>";
		};
		D799BAA81E32B6E90055C119 /* Products */ = {
			isa = PBXGroup;
			children = (
				D799BAA71E32B6E90055C119 /* iBeaconSender.app */,
			);
			name = Products;
			sourceTree = "<group>";
		};
		D799BAA91E32B6E90055C119 /* iBeaconSender */ = {
			isa = PBXGroup;
			children = (
				D799BAAA1E32B6E90055C119 /* AppDelegate.swift */,
				D799BAAC1E32B6E90055C119 /* ViewController.swift */,
				D799BAAE1E32B6E90055C119 /* Assets.xcassets */,
				D799BAB01E32B6E90055C119 /* Main.storyboard */,
				D799BAB31E32B6E90055C119 /* Info.plist */,
				D799BAB91E32DA5E0055C119 /* BeaconData.swift */,
			);
			path = iBeaconSender;
			sourceTree = "<group>";
		};
/* End PBXGroup section */

/* Begin PBXNativeTarget section */
		D799BAA61E32B6E90055C119 /* iBeaconSender */ = {
			isa = PBXNativeTarget;
			buildConfigurationList = D799BAB61E32B6E90055C119 /* Build configuration list for PBXNativeTarget "iBeaconSender" */;
			buildPhases = (
				D799BAA31E32B6E90055C119 /* Sources */,
				D799BAA41E32B6E90055C119 /* Frameworks */,
				D799BAA51E32B6E90055C119 /* Resources */,
			);
			buildRules = (
			);
			dependencies = (
			);
			name = iBeaconSender;
			productName = iBeaconSender;
			productReference = D799BAA71E32B6E90055C119 /* iBeaconSender.app */;
			productType = "com.apple.product-type.application";
		};
/* End PBXNativeTarget section */

/* Begin PBXProject section */
		D799BA9F1E32B6E90055C119 /* Project object */ = {
			isa = PBXProject;
			attributes = {
				LastSwiftUpdateCheck = 0820;
				LastUpgradeCheck = 0820;
				ORGANIZATIONNAME = SAPPOROWORKS;
				TargetAttributes = {
					D799BAA61E32B6E90055C119 = {
						CreatedOnToolsVersion = 8.2;
						DevelopmentTeam = T32GQ84AVX;
						ProvisioningStyle = Automatic;
					};
				};
			};
			buildConfigurationList = D799BAA21E32B6E90055C119 /* Build configuration list for PBXProject "iBeaconSender" */;
			compatibilityVersion = "Xcode 3.2";
			developmentRegion = English;
			hasScannedForEncodings = 0;
			knownRegions = (
				en,
				Base,
			);
			mainGroup = D799BA9E1E32B6E90055C119;
			productRefGroup = D799BAA81E32B6E90055C119 /* Products */;
			projectDirPath = "";
			projectRoot = "";
			targets = (
				D799BAA61E32B6E90055C119 /* iBeaconSender */,
			);
		};
/* End PBXProject section */

/* Begin PBXResourcesBuildPhase section */
		D799BAA51E32B6E90055C119 /* Resources */ = {
			isa = PBXResourcesBuildPhase;
			buildActionMask = 2147483647;
			files = (
				D799BAAF1E32B6E90055C119 /* Assets.xcassets in Resources */,
				D799BAB21E32B6E90055C119 /* Main.storyboard in Resources */,
			);
			runOnlyForDeploymentPostprocessing = 0;
		};
/* End PBXResourcesBuildPhase section */

/* Begin PBXSourcesBuildPhase section */
		D799BAA31E32B6E90055C119 /* Sources */ = {
			isa = PBXSourcesBuildPhase;
			buildActionMask = 2147483647;
			files = (
				D799BAAD1E32B6E90055C119 /* ViewController.swift in Sources */,
				D799BABA1E32DA5E0055C119 /* BeaconData.swift in Sources */,
				D799BAAB1E32B6E90055C119 /* AppDelegate.swift in Sources */,
			);
			runOnlyForDeploymentPostprocessing = 0;
		};
/* End PBXSourcesBuildPhase section */

/* Begin PBXVariantGroup section */
		D799BAB01E32B6E90055C119 /* Main.storyboard */ = {
			isa = PBXVariantGroup;
			children = (
				D799BAB11E32B6E90055C119 /* Base */,
			);
			name = Main.storyboard;
			sourceTree = "<group>";
		};
/* End PBXVariantGroup section */

/* Begin XCBuildConfiguration section */
		D799BAB41E32B6E90055C119 /* Debug */ = {
			isa = XCBuildConfiguration;
			buildSettings = {
				ALWAYS_SEARCH_USER_PATHS = NO;
				CLANG_ANALYZER_NONNULL = YES;
				CLANG_CXX_LANGUAGE_STANDARD = "gnu++0x";
				CLANG_CXX_LIBRARY = "libc++";
				CLANG_ENABLE_MODULES = YES;
				CLANG_ENABLE_OBJC_ARC = YES;
				CLANG_WARN_BOOL_CONVERSION = YES;
				CLANG_WARN_CONSTANT_CONVERSION = YES;
				CLANG_WARN_DIRECT_OBJC_ISA_USAGE = YES_ERROR;
				CLANG_WARN_DOCUMENTATION_COMMENTS = YES;
				CLANG_WARN_EMPTY_BODY = YES;
				CLANG_WARN_ENUM_CONVERSION = YES;
				CLANG_WARN_INFINITE_RECURSION = YES;
				CLANG_WARN_INT_CONVERSION = YES;
				CLANG_WARN_OBJC_ROOT_CLASS = YES_ERROR;
				CLANG_WARN_SUSPICIOUS_MOVE = YES;
				CLANG_WARN_UNREACHABLE_CODE = YES;
				CLANG_WARN__DUPLICATE_METHOD_MATCH = YES;
				CODE_SIGN_IDENTITY = "-";
				COPY_PHASE_STRIP = NO;
				DEBUG_INFORMATION_FORMAT = dwarf;
				ENABLE_STRICT_OBJC_MSGSEND = YES;
				ENABLE_TESTABILITY = YES;
				GCC_C_LANGUAGE_STANDARD = gnu99;
				GCC_DYNAMIC_NO_PIC = NO;
				GCC_NO_COMMON_BLOCKS = YES;
				GCC_OPTIMIZATION_LEVEL = 0;
				GCC_PREPROCESSOR_DEFINITIONS = (
					"DEBUG=1",
					"$(inherited)",
				);
				GCC_WARN_64_TO_32_BIT_CONVERSION = YES;
				GCC_WARN_ABOUT_RETURN_TYPE = YES_ERROR;
				GCC_WARN_UNDECLARED_SELECTOR = YES;
				GCC_WARN_UNINITIALIZED_AUTOS = YES_AGGRESSIVE;
				GCC_WARN_UNUSED_FUNCTION = YES;
				GCC_WARN_UNUSED_VARIABLE = YES;
				MACOSX_DEPLOYMENT_TARGET = 10.11;
				MTL_ENABLE_DEBUG_INFO = YES;
				ONLY_ACTIVE_ARCH = YES;
				SDKROOT = macosx;
				SWIFT_ACTIVE_COMPILATION_CONDITIONS = DEBUG;
				SWIFT_OPTIMIZATION_LEVEL = "-Onone";
			};
			name = Debug;
		};
		D799BAB51E32B6E90055C119 /* Release */ = {
			isa = XCBuildConfiguration;
			buildSettings = {
				ALWAYS_SEARCH_USER_PATHS = NO;
				CLANG_ANALYZER_NONNULL = YES;
				CLANG_CXX_LANGUAGE_STANDARD = "gnu++0x";
				CLANG_CXX_LIBRARY = "libc++";
				CLANG_ENABLE_MODULES = YES;
				CLANG_ENABLE_OBJC_ARC = YES;
				CLANG_WARN_BOOL_CONVERSION = YES;
				CLANG_WARN_CONSTANT_CONVERSION = YES;
				CLANG_WARN_DIRECT_OBJC_ISA_USAGE = YES_ERROR;
				CLANG_WARN_DOCUMENTATION_COMMENTS = YES;
				CLANG_WARN_EMPTY_BODY = YES;
				CLANG_WARN_ENUM_CONVERSION = YES;
				CLANG_WARN_INFINITE_RECURSION = YES;
				CLANG_WARN_INT_CONVERSION = YES;
				CLANG_WARN_OBJC_ROOT_CLASS = YES_ERROR;
				CLANG_WARN_SUSPICIOUS_MOVE = YES;
				CLANG_WARN_UNREACHABLE_CODE = YES;
				CLANG_WARN__DUPLICATE_METHOD_MATCH = YES;
				CODE_SIGN_IDENTITY = "-";
				COPY_PHASE_STRIP = NO;
				DEBUG_INFORMATION_FORMAT = "dwarf-with-dsym";
				ENABLE_NS_ASSERTIONS = NO;
				ENABLE_STRICT_OBJC_MSGSEND = YES;
				GCC_C_LANGUAGE_STANDARD = gnu99;
				GCC_NO_COMMON_BLOCKS = YES;
				GCC_WARN_64_TO_32_BIT_CONVERSION = YES;
				GCC_WARN_ABOUT_RETURN_TYPE = YES_ERROR;
				GCC_WARN_UNDECLARED_SELECTOR = YES;
				GCC_WARN_UNINITIALIZED_AUTOS = YES_AGGRESSIVE;
				GCC_WARN_UNUSED_FUNCTION = YES;
				GCC_WARN_UNUSED_VARIABLE = YES;
				MACOSX_DEPLOYMENT_TARGET = 10.11;
				MTL_ENABLE_DEBUG_INFO = NO;
				SDKROOT = macosx;
				SWIFT_OPTIMIZATION_LEVEL = "-Owholemodule";
			};
			name = Release;
		};
		D799BAB71E32B6E90055C119 /* Debug */ = {
			isa = XCBuildConfiguration;
			buildSettings = {
				ASSETCATALOG_COMPILER_APPICON_NAME = AppIcon;
				COMBINE_HIDPI_IMAGES = YES;
				DEVELOPMENT_TEAM = T32GQ84AVX;
				INFOPLIST_FILE = iBeaconSender/Info.plist;
				LD_RUNPATH_SEARCH_PATHS = "$(inherited) @executable_path/../Frameworks";
				PRODUCT_BUNDLE_IDENTIFIER = jp.ne.sapporoworks.iBeaconSender;
				PRODUCT_NAME = "$(TARGET_NAME)";
				SWIFT_VERSION = 3.0;
			};
			name = Debug;
		};
		D799BAB81E32B6E90055C119 /* Release */ = {
			isa = XCBuildConfiguration;
			buildSettings = {
				ASSETCATALOG_COMPILER_APPICON_NAME = AppIcon;
				COMBINE_HIDPI_IMAGES = YES;
				DEVELOPMENT_TEAM = T32GQ84AVX;
				INFOPLIST_FILE = iBeaconSender/Info.plist;
				LD_RUNPATH_SEARCH_PATHS = "$(inherited) @executable_path/../Frameworks";
				PRODUCT_BUNDLE_IDENTIFIER = jp.ne.sapporoworks.iBeaconSender;
				PRODUCT_NAME = "$(TARGET_NAME)";
				SWIFT_VERSION = 3.0;
			};
			name = Release;
		};
/* End XCBuildConfiguration section */

/* Begin XCConfigurationList section */
		D799BAA21E32B6E90055C119 /* Build configuration list for PBXProject "iBeaconSender" */ = {
			isa = XCConfigurationList;
			buildConfigurations = (
				D799BAB41E32B6E90055C119 /* Debug */,
				D799BAB51E32B6E90055C119 /* Release */,
			);
			defaultConfigurationIsVisible = 0;
			defaultConfigurationName = Release;
		};
		D799BAB61E32B6E90055C119 /* Build configuration list for PBXNativeTarget "iBeaconSender" */ = {
			isa = XCConfigurationList;
			buildConfigurations = (
				D799BAB71E32B6E90055C119 /* Debug */,
				D799BAB81E32B6E90055C119 /* Release */,
			);
			defaultConfigurationIsVisible = 0;
		};
/* End XCConfigurationList section */
	};
	rootObject = D799BA9F1E32B6E90055C119 /* Project object */;
}
